
Microsoft Visual Studio Solution File, Format Version 12.00
# Visual Studio 2013
VisualStudioVersion = 12.0.30501.0
MinimumVisualStudioVersion = 10.0.40219.1
Project("{FAE04EC0-301F-11D3-BF4B-00C04F79EFBC}") = "Axonite.Console", "Axonite.Console\Axonite.Console.csproj", "{692D607E-828E-4186-B416-157D30EA42EE}"
	ProjectSection(ProjectDependencies) = postProject
		{AABA98B9-DC23-474E-A20D-EA994D2486B3} = {AABA98B9-DC23-474E-A20D-EA994D2486B3}
	EndProjectSection
EndProject
Project("{FAE04EC0-301F-11D3-BF4B-00C04F79EFBC}") = "Axonite.API", "Axonite.API\Axonite.API.csproj", "{AABA98B9-DC23-474E-A20D-EA994D2486B3}"
EndProject
Project("{FAE04EC0-301F-11D3-BF4B-00C04F79EFBC}") = "Axonite.GameLogic", "Axonite.GameLogic\Axonite.GameLogic.csproj", "{93E836F1-D50B-47C7-9ADE-3638A64F5395}"
EndProject
Project("{FAE04EC0-301F-11D3-BF4B-00C04F79EFBC}") = "Axonite.Core", "Axonite.Core\Axonite.Core.csproj", "{DD3370CF-27BF-45B9-AE5C-F5636EE6EEE2}"
EndProject
Global
	GlobalSection(SolutionConfigurationPlatforms) = preSolution
		Debug|Any CPU = Debug|Any CPU
		Release|Any CPU = Release|Any CPU
	EndGlobalSection
	GlobalSection(ProjectConfigurationPlatforms) = postSolution
		{692D607E-828E-4186-B416-157D30EA42EE}.Debug|Any CPU.ActiveCfg = Debug|Any CPU
		{692D607E-828E-4186-B416-157D30EA42EE}.Debug|Any CPU.Build.0 = Debug|Any CPU
		{692D607E-828E-4186-B416-157D30EA42EE}.Release|Any CPU.ActiveCfg = Release|Any CPU
		{692D607E-828E-4186-B416-157D30EA42EE}.Release|Any CPU.Build.0 = Release|Any CPU
		{AABA98B9-DC23-474E-A20D-EA994D2486B3}.Debug|Any CPU.ActiveCfg = Debug|Any CPU
		{AABA98B9-DC23-474E-A20D-EA994D2486B3}.Debug|Any CPU.Build.0 = Debug|Any CPU
		{AABA98B9-DC23-474E-A20D-EA994D2486B3}.Release|Any CPU.ActiveCfg = Release|Any CPU
		{AABA98B9-DC23-474E-A20D-EA994D2486B3}.Release|Any CPU.Build.0 = Release|Any CPU
		{93E836F1-D50B-47C7-9ADE-3638A64F5395}.Debug|Any CPU.ActiveCfg = Debug|Any CPU
		{93E836F1-D50B-47C7-9ADE-3638A64F5395}.Debug|Any CPU.Build.0 = Debug|Any CPU
		{93E836F1-D50B-47C7-9ADE-3638A64F5395}.Release|Any CPU.ActiveCfg = Release|Any CPU
		{93E836F1-D50B-47C7-9ADE-3638A64F5395}.Release|Any CPU.Build.0 = Release|Any CPU
		{DD3370CF-27BF-45B9-AE5C-F5636EE6EEE2}.Debug|Any CPU.ActiveCfg = Debug|Any CPU
		{DD3370CF-27BF-45B9-AE5C-F5636EE6EEE2}.Debug|Any CPU.Build.0 = Debug|Any CPU
		{DD3370CF-27BF-45B9-AE5C-F5636EE6EEE2}.Release|Any CPU.ActiveCfg = Release|Any CPU
		{DD3370CF-27BF-45B9-AE5C-F5636EE6EEE2}.Release|Any CPU.Build.0 = Release|Any CPU
	EndGlobalSection
	GlobalSection(SolutionProperties) = preSolution
		HideSolutionNode = FALSE
	EndGlobalSection
EndGlobal
